// !$*UTF8*$!
{
	archiveVersion = 1;
	classes = {
	};
	objectVersion = 50;
	objects = {

/* Begin PBXBuildFile section */
		63067CBE234C6CF9005B88D1 /* AppDelegate.m in Sources */ = {isa = PBXBuildFile; fileRef = 63067CBD234C6CF9005B88D1 /* AppDelegate.m */; };
		63067CC1234C6CF9005B88D1 /* ViewController.m in Sources */ = {isa = PBXBuildFile; fileRef = 63067CC0234C6CF9005B88D1 /* ViewController.m */; };
		63067CC4234C6CF9005B88D1 /* Main.storyboard in Resources */ = {isa = PBXBuildFile; fileRef = 63067CC2234C6CF9005B88D1 /* Main.storyboard */; };
		63067CC6234C6CFA005B88D1 /* Assets.xcassets in Resources */ = {isa = PBXBuildFile; fileRef = 63067CC5234C6CFA005B88D1 /* Assets.xcassets */; };
		63067CC9234C6CFA005B88D1 /* LaunchScreen.storyboard in Resources */ = {isa = PBXBuildFile; fileRef = 63067CC7234C6CFA005B88D1 /* LaunchScreen.storyboard */; };
		63067CCC234C6CFA005B88D1 /* main.m in Sources */ = {isa = PBXBuildFile; fileRef = 63067CCB234C6CFA005B88D1 /* main.m */; };
		63067CD6234C6CFB005B88D1 /* ZZKitDemoTests.m in Sources */ = {isa = PBXBuildFile; fileRef = 63067CD5234C6CFB005B88D1 /* ZZKitDemoTests.m */; };
		63067CE1234C6CFB005B88D1 /* ZZKitDemoUITests.m in Sources */ = {isa = PBXBuildFile; fileRef = 63067CE0234C6CFB005B88D1 /* ZZKitDemoUITests.m */; };
		8BDF10BFA1D263AD38CA1CC0 /* Pods_ZZKitDemo.framework in Frameworks */ = {isa = PBXBuildFile; fileRef = B6B9B286F51FDFEAB2923EE9 /* Pods_ZZKitDemo.framework */; };
/* End PBXBuildFile section */

/* Begin PBXContainerItemProxy section */
		63067CD2234C6CFB005B88D1 /* PBXContainerItemProxy */ = {
			isa = PBXContainerItemProxy;
			containerPortal = 63067CB1234C6CF8005B88D1 /* Project object */;
			proxyType = 1;
			remoteGlobalIDString = 63067CB8234C6CF8005B88D1;
			remoteInfo = ZZKitDemo;
		};
		63067CDD234C6CFB005B88D1 /* PBXContainerItemProxy */ = {
			isa = PBXContainerItemProxy;
			containerPortal = 63067CB1234C6CF8005B88D1 /* Project object */;
			proxyType = 1;
			remoteGlobalIDString = 63067CB8234C6CF8005B88D1;
			remoteInfo = ZZKitDemo;
		};
/* End PBXContainerItemProxy section */

/* Begin PBXFileReference section */
		39B49720CF81A1DF44A8BA3B /* Pods-ZZKitDemo.debug.xcconfig */ = {isa = PBXFileReference; includeInIndex = 1; lastKnownFileType = text.xcconfig; name = "Pods-ZZKitDemo.debug.xcconfig"; path = "Target Support Files/Pods-ZZKitDemo/Pods-ZZKitDemo.debug.xcconfig"; sourceTree = "<group>"; };
		63067CB9234C6CF8005B88D1 /* ZZKitDemo.app */ = {isa = PBXFileReference; explicitFileType = wrapper.application; includeInIndex = 0; path = ZZKitDemo.app; sourceTree = BUILT_PRODUCTS_DIR; };
		63067CBC234C6CF9005B88D1 /* AppDelegate.h */ = {isa = PBXFileReference; lastKnownFileType = sourcecode.c.h; path = AppDelegate.h; sourceTree = "<group>"; };
		63067CBD234C6CF9005B88D1 /* AppDelegate.m */ = {isa = PBXFileReference; lastKnownFileType = sourcecode.c.objc; path = AppDelegate.m; sourceTree = "<group>"; };
		63067CBF234C6CF9005B88D1 /* ViewController.h */ = {isa = PBXFileReference; lastKnownFileType = sourcecode.c.h; path = ViewController.h; sourceTree = "<group>"; };
		63067CC0234C6CF9005B88D1 /* ViewController.m */ = {isa = PBXFileReference; lastKnownFileType = sourcecode.c.objc; path = ViewController.m; sourceTree = "<group>"; };
		63067CC3234C6CF9005B88D1 /* Base */ = {isa = PBXFileReference; lastKnownFileType = file.storyboard; name = Base; path = Base.lproj/Main.storyboard; sourceTree = "<group>"; };
		63067CC5234C6CFA005B88D1 /* Assets.xcassets */ = {isa = PBXFileReference; lastKnownFileType = folder.assetcatalog; path = Assets.xcassets; sourceTree = "<group>"; };
		63067CC8234C6CFA005B88D1 /* Base */ = {isa = PBXFileReference; lastKnownFileType = file.storyboard; name = Base; path = Base.lproj/LaunchScreen.storyboard; sourceTree = "<group>"; };
		63067CCA234C6CFA005B88D1 /* Info.plist */ = {isa = PBXFileReference; lastKnownFileType = text.plist.xml; path = Info.plist; sourceTree = "<group>"; };
		63067CCB234C6CFA005B88D1 /* main.m */ = {isa = PBXFileReference; lastKnownFileType = sourcecode.c.objc; path = main.m; sourceTree = "<group>"; };
		63067CD1234C6CFB005B88D1 /* ZZKitDemoTests.xctest */ = {isa = PBXFileReference; explicitFileType = wrapper.cfbundle; includeInIndex = 0; path = ZZKitDemoTests.xctest; sourceTree = BUILT_PRODUCTS_DIR; };
		63067CD5234C6CFB005B88D1 /* ZZKitDemoTests.m */ = {isa = PBXFileReference; lastKnownFileType = sourcecode.c.objc; path = ZZKitDemoTests.m; sourceTree = "<group>"; };
		63067CD7234C6CFB005B88D1 /* Info.plist */ = {isa = PBXFileReference; lastKnownFileType = text.plist.xml; path = Info.plist; sourceTree = "<group>"; };
		63067CDC234C6CFB005B88D1 /* ZZKitDemoUITests.xctest */ = {isa = PBXFileReference; explicitFileType = wrapper.cfbundle; includeInIndex = 0; path = ZZKitDemoUITests.xctest; sourceTree = BUILT_PRODUCTS_DIR; };
		63067CE0234C6CFB005B88D1 /* ZZKitDemoUITests.m */ = {isa = PBXFileReference; lastKnownFileType = sourcecode.c.objc; path = ZZKitDemoUITests.m; sourceTree = "<group>"; };
		63067CE2234C6CFB005B88D1 /* Info.plist */ = {isa = PBXFileReference; lastKnownFileType = text.plist.xml; path = Info.plist; sourceTree = "<group>"; };
		9E2A696BB10263138990E80F /* Pods-ZZKitDemo.release.xcconfig */ = {isa = PBXFileReference; includeInIndex = 1; lastKnownFileType = text.xcconfig; name = "Pods-ZZKitDemo.release.xcconfig"; path = "Target Support Files/Pods-ZZKitDemo/Pods-ZZKitDemo.release.xcconfig"; sourceTree = "<group>"; };
		B6B9B286F51FDFEAB2923EE9 /* Pods_ZZKitDemo.framework */ = {isa = PBXFileReference; explicitFileType = wrapper.framework; includeInIndex = 0; path = Pods_ZZKitDemo.framework; sourceTree = BUILT_PRODUCTS_DIR; };
/* End PBXFileReference section */

/* Begin PBXFrameworksBuildPhase section */
		63067CB6234C6CF8005B88D1 /* Frameworks */ = {
			isa = PBXFrameworksBuildPhase;
			buildActionMask = 2147483647;
			files = (
				8BDF10BFA1D263AD38CA1CC0 /* Pods_ZZKitDemo.framework in Frameworks */,
			);
			runOnlyForDeploymentPostprocessing = 0;
		};
		63067CCE234C6CFB005B88D1 /* Frameworks */ = {
			isa = PBXFrameworksBuildPhase;
			buildActionMask = 2147483647;
			files = (
			);
			runOnlyForDeploymentPostprocessing = 0;
		};
		63067CD9234C6CFB005B88D1 /* Frameworks */ = {
			isa = PBXFrameworksBuildPhase;
			buildActionMask = 2147483647;
			files = (
			);
			runOnlyForDeploymentPostprocessing = 0;
		};
/* End PBXFrameworksBuildPhase section */

/* Begin PBXGroup section */
		63067CB0234C6CF8005B88D1 = {
			isa = PBXGroup;
			children = (
				63067CBB234C6CF8005B88D1 /* ZZKitDemo */,
				63067CD4234C6CFB005B88D1 /* ZZKitDemoTests */,
				63067CDF234C6CFB005B88D1 /* ZZKitDemoUITests */,
				63067CBA234C6CF8005B88D1 /* Products */,
				81BCE99D185CBDD2D8281B33 /* Pods */,
				FB395A48D0291FCEF099D94D /* Frameworks */,
			);
			sourceTree = "<group>";
		};
		63067CBA234C6CF8005B88D1 /* Products */ = {
			isa = PBXGroup;
			children = (
				63067CB9234C6CF8005B88D1 /* ZZKitDemo.app */,
				63067CD1234C6CFB005B88D1 /* ZZKitDemoTests.xctest */,
				63067CDC234C6CFB005B88D1 /* ZZKitDemoUITests.xctest */,
			);
			name = Products;
			sourceTree = "<group>";
		};
		63067CBB234C6CF8005B88D1 /* ZZKitDemo */ = {
			isa = PBXGroup;
			children = (
				63067CBC234C6CF9005B88D1 /* AppDelegate.h */,
				63067CBD234C6CF9005B88D1 /* AppDelegate.m */,
				63067CBF234C6CF9005B88D1 /* ViewController.h */,
				63067CC0234C6CF9005B88D1 /* ViewController.m */,
				63067CC2234C6CF9005B88D1 /* Main.storyboard */,
				63067CC5234C6CFA005B88D1 /* Assets.xcassets */,
				63067CC7234C6CFA005B88D1 /* LaunchScreen.storyboard */,
				63067CCA234C6CFA005B88D1 /* Info.plist */,
				63067CCB234C6CFA005B88D1 /* main.m */,
			);
			path = ZZKitDemo;
			sourceTree = "<group>";
		};
		63067CD4234C6CFB005B88D1 /* ZZKitDemoTests */ = {
			isa = PBXGroup;
			children = (
				63067CD5234C6CFB005B88D1 /* ZZKitDemoTests.m */,
				63067CD7234C6CFB005B88D1 /* Info.plist */,
			);
			path = ZZKitDemoTests;
			sourceTree = "<group>";
		};
		63067CDF234C6CFB005B88D1 /* ZZKitDemoUITests */ = {
			isa = PBXGroup;
			children = (
				63067CE0234C6CFB005B88D1 /* ZZKitDemoUITests.m */,
				63067CE2234C6CFB005B88D1 /* Info.plist */,
			);
			path = ZZKitDemoUITests;
			sourceTree = "<group>";
		};
		81BCE99D185CBDD2D8281B33 /* Pods */ = {
			isa = PBXGroup;
			children = (
				39B49720CF81A1DF44A8BA3B /* Pods-ZZKitDemo.debug.xcconfig */,
				9E2A696BB10263138990E80F /* Pods-ZZKitDemo.release.xcconfig */,
			);
			path = Pods;
			sourceTree = "<group>";
		};
		FB395A48D0291FCEF099D94D /* Frameworks */ = {
			isa = PBXGroup;
			children = (
				B6B9B286F51FDFEAB2923EE9 /* Pods_ZZKitDemo.framework */,
			);
			name = Frameworks;
			sourceTree = "<group>";
		};
/* End PBXGroup section */

/* Begin PBXNativeTarget section */
		63067CB8234C6CF8005B88D1 /* ZZKitDemo */ = {
			isa = PBXNativeTarget;
			buildConfigurationList = 63067CE5234C6CFB005B88D1 /* Build configuration list for PBXNativeTarget "ZZKitDemo" */;
			buildPhases = (
				2BEAC39E72C1496D66019DB0 /* [CP] Check Pods Manifest.lock */,
				63067CB5234C6CF8005B88D1 /* Sources */,
				63067CB6234C6CF8005B88D1 /* Frameworks */,
				63067CB7234C6CF8005B88D1 /* Resources */,
				8DC46F22873DF2271E0AC84F /* [CP] Embed Pods Frameworks */,
			);
			buildRules = (
			);
			dependencies = (
			);
			name = ZZKitDemo;
			productName = ZZKitDemo;
			productReference = 63067CB9234C6CF8005B88D1 /* ZZKitDemo.app */;
			productType = "com.apple.product-type.application";
		};
		63067CD0234C6CFB005B88D1 /* ZZKitDemoTests */ = {
			isa = PBXNativeTarget;
			buildConfigurationList = 63067CE8234C6CFB005B88D1 /* Build configuration list for PBXNativeTarget "ZZKitDemoTests" */;
			buildPhases = (
				63067CCD234C6CFB005B88D1 /* Sources */,
				63067CCE234C6CFB005B88D1 /* Frameworks */,
				63067CCF234C6CFB005B88D1 /* Resources */,
			);
			buildRules = (
			);
			dependencies = (
				63067CD3234C6CFB005B88D1 /* PBXTargetDependency */,
			);
			name = ZZKitDemoTests;
			productName = ZZKitDemoTests;
			productReference = 63067CD1234C6CFB005B88D1 /* ZZKitDemoTests.xctest */;
			productType = "com.apple.product-type.bundle.unit-test";
		};
		63067CDB234C6CFB005B88D1 /* ZZKitDemoUITests */ = {
			isa = PBXNativeTarget;
			buildConfigurationList = 63067CEB234C6CFB005B88D1 /* Build configuration list for PBXNativeTarget "ZZKitDemoUITests" */;
			buildPhases = (
				63067CD8234C6CFB005B88D1 /* Sources */,
				63067CD9234C6CFB005B88D1 /* Frameworks */,
				63067CDA234C6CFB005B88D1 /* Resources */,
			);
			buildRules = (
			);
			dependencies = (
				63067CDE234C6CFB005B88D1 /* PBXTargetDependency */,
			);
			name = ZZKitDemoUITests;
			productName = ZZKitDemoUITests;
			productReference = 63067CDC234C6CFB005B88D1 /* ZZKitDemoUITests.xctest */;
			productType = "com.apple.product-type.bundle.ui-testing";
		};
/* End PBXNativeTarget section */

/* Begin PBXProject section */
		63067CB1234C6CF8005B88D1 /* Project object */ = {
			isa = PBXProject;
			attributes = {
				LastUpgradeCheck = 1030;
				ORGANIZATIONNAME = laixian;
				TargetAttributes = {
					63067CB8234C6CF8005B88D1 = {
						CreatedOnToolsVersion = 10.3;
					};
					63067CD0234C6CFB005B88D1 = {
						CreatedOnToolsVersion = 10.3;
						TestTargetID = 63067CB8234C6CF8005B88D1;
					};
					63067CDB234C6CFB005B88D1 = {
						CreatedOnToolsVersion = 10.3;
						TestTargetID = 63067CB8234C6CF8005B88D1;
					};
				};
			};
			buildConfigurationList = 63067CB4234C6CF8005B88D1 /* Build configuration list for PBXProject "ZZKitDemo" */;
			compatibilityVersion = "Xcode 9.3";
			developmentRegion = en;
			hasScannedForEncodings = 0;
			knownRegions = (
				en,
				Base,
			);
			mainGroup = 63067CB0234C6CF8005B88D1;
			productRefGroup = 63067CBA234C6CF8005B88D1 /* Products */;
			projectDirPath = "";
			projectRoot = "";
			targets = (
				63067CB8234C6CF8005B88D1 /* ZZKitDemo */,
				63067CD0234C6CFB005B88D1 /* ZZKitDemoTests */,
				63067CDB234C6CFB005B88D1 /* ZZKitDemoUITests */,
			);
		};
/* End PBXProject section */

/* Begin PBXResourcesBuildPhase section */
		63067CB7234C6CF8005B88D1 /* Resources */ = {
			isa = PBXResourcesBuildPhase;
			buildActionMask = 2147483647;
			files = (
				63067CC9234C6CFA005B88D1 /* LaunchScreen.storyboard in Resources */,
				63067CC6234C6CFA005B88D1 /* Assets.xcassets in Resources */,
				63067CC4234C6CF9005B88D1 /* Main.storyboard in Resources */,
			);
			runOnlyForDeploymentPostprocessing = 0;
		};
		63067CCF234C6CFB005B88D1 /* Resources */ = {
			isa = PBXResourcesBuildPhase;
			buildActionMask = 2147483647;
			files = (
			);
			runOnlyForDeploymentPostprocessing = 0;
		};
		63067CDA234C6CFB005B88D1 /* Resources */ = {
			isa = PBXResourcesBuildPhase;
			buildActionMask = 2147483647;
			files = (
			);
			runOnlyForDeploymentPostprocessing = 0;
		};
/* End PBXResourcesBuildPhase section */

/* Begin PBXShellScriptBuildPhase section */
		2BEAC39E72C1496D66019DB0 /* [CP] Check Pods Manifest.lock */ = {
			isa = PBXShellScriptBuildPhase;
			buildActionMask = 2147483647;
			files = (
			);
			inputFileListPaths = (
			);
			inputPaths = (
				"${PODS_PODFILE_DIR_PATH}/Podfile.lock",
				"${PODS_ROOT}/Manifest.lock",
			);
			name = "[CP] Check Pods Manifest.lock";
			outputFileListPaths = (
			);
			outputPaths = (
				"$(DERIVED_FILE_DIR)/Pods-ZZKitDemo-checkManifestLockResult.txt",
			);
			runOnlyForDeploymentPostprocessing = 0;
			shellPath = /bin/sh;
			shellScript = "diff \"${PODS_PODFILE_DIR_PATH}/Podfile.lock\" \"${PODS_ROOT}/Manifest.lock\" > /dev/null\nif [ $? != 0 ] ; then\n    # print error to STDERR\n    echo \"error: The sandbox is not in sync with the Podfile.lock. Run 'pod install' or update your CocoaPods installation.\" >&2\n    exit 1\nfi\n# This output is used by Xcode 'outputs' to avoid re-running this script phase.\necho \"SUCCESS\" > \"${SCRIPT_OUTPUT_FILE_0}\"\n";
			showEnvVarsInLog = 0;
		};
		8DC46F22873DF2271E0AC84F /* [CP] Embed Pods Frameworks */ = {
			isa = PBXShellScriptBuildPhase;
			buildActionMask = 2147483647;
			files = (
			);
			inputFileListPaths = (
			);
			inputPaths = (
				"${PODS_ROOT}/Target Support Files/Pods-ZZKitDemo/Pods-ZZKitDemo-frameworks.sh",
				"${BUILT_PRODUCTS_DIR}/AFNetworking/AFNetworking.framework",
				"${BUILT_PRODUCTS_DIR}/YYModel/YYModel.framework",
				"${BUILT_PRODUCTS_DIR}/ZZCategory/ZZCategory.framework",
				"${BUILT_PRODUCTS_DIR}/ZZNetwork/ZZNetwork.framework",
			);
			name = "[CP] Embed Pods Frameworks";
			outputFileListPaths = (
			);
			outputPaths = (
				"${TARGET_BUILD_DIR}/${FRAMEWORKS_FOLDER_PATH}/AFNetworking.framework",
				"${TARGET_BUILD_DIR}/${FRAMEWORKS_FOLDER_PATH}/YYModel.framework",
				"${TARGET_BUILD_DIR}/${FRAMEWORKS_FOLDER_PATH}/ZZCategory.framework",
				"${TARGET_BUILD_DIR}/${FRAMEWORKS_FOLDER_PATH}/ZZNetwork.framework",
			);
			runOnlyForDeploymentPostprocessing = 0;
			shellPath = /bin/sh;
			shellScript = "\"${PODS_ROOT}/Target Support Files/Pods-ZZKitDemo/Pods-ZZKitDemo-frameworks.sh\"\n";
			showEnvVarsInLog = 0;
		};
/* End PBXShellScriptBuildPhase section */

/* Begin PBXSourcesBuildPhase section */
		63067CB5234C6CF8005B88D1 /* Sources */ = {
			isa = PBXSourcesBuildPhase;
			buildActionMask = 2147483647;
			files = (
				63067CC1234C6CF9005B88D1 /* ViewController.m in Sources */,
				63067CCC234C6CFA005B88D1 /* main.m in Sources */,
				63067CBE234C6CF9005B88D1 /* AppDelegate.m in Sources */,
			);
			runOnlyForDeploymentPostprocessing = 0;
		};
		63067CCD234C6CFB005B88D1 /* Sources */ = {
			isa = PBXSourcesBuildPhase;
			buildActionMask = 2147483647;
			files = (
				63067CD6234C6CFB005B88D1 /* ZZKitDemoTests.m in Sources */,
			);
			runOnlyForDeploymentPostprocessing = 0;
		};
		63067CD8234C6CFB005B88D1 /* Sources */ = {
			isa = PBXSourcesBuildPhase;
			buildActionMask = 2147483647;
			files = (
				63067CE1234C6CFB005B88D1 /* ZZKitDemoUITests.m in Sources */,
			);
			runOnlyForDeploymentPostprocessing = 0;
		};
/* End PBXSourcesBuildPhase section */

/* Begin PBXTargetDependency section */
		63067CD3234C6CFB005B88D1 /* PBXTargetDependency */ = {
			isa = PBXTargetDependency;
			target = 63067CB8234C6CF8005B88D1 /* ZZKitDemo */;
			targetProxy = 63067CD2234C6CFB005B88D1 /* PBXContainerItemProxy */;
		};
		63067CDE234C6CFB005B88D1 /* PBXTargetDependency */ = {
			isa = PBXTargetDependency;
			target = 63067CB8234C6CF8005B88D1 /* ZZKitDemo */;
			targetProxy = 63067CDD234C6CFB005B88D1 /* PBXContainerItemProxy */;
		};
/* End PBXTargetDependency section */

/* Begin PBXVariantGroup section */
		63067CC2234C6CF9005B88D1 /* Main.storyboard */ = {
			isa = PBXVariantGroup;
			children = (
				63067CC3234C6CF9005B88D1 /* Base */,
			);
			name = Main.storyboard;
			sourceTree = "<group>";
		};
		63067CC7234C6CFA005B88D1 /* LaunchScreen.storyboard */ = {
			isa = PBXVariantGroup;
			children = (
				63067CC8234C6CFA005B88D1 /* Base */,
			);
			name = LaunchScreen.storyboard;
			sourceTree = "<group>";
		};
/* End PBXVariantGroup section */

/* Begin XCBuildConfiguration section */
		63067CE3234C6CFB005B88D1 /* Debug */ = {
			isa = XCBuildConfiguration;
			buildSettings = {
				ALWAYS_SEARCH_USER_PATHS = NO;
				CLANG_ANALYZER_NONNULL = YES;
				CLANG_ANALYZER_NUMBER_OBJECT_CONVERSION = YES_AGGRESSIVE;
				CLANG_CXX_LANGUAGE_STANDARD = "gnu++14";
				CLANG_CXX_LIBRARY = "libc++";
				CLANG_ENABLE_MODULES = YES;
				CLANG_ENABLE_OBJC_ARC = YES;
				CLANG_ENABLE_OBJC_WEAK = YES;
				CLANG_WARN_BLOCK_CAPTURE_AUTORELEASING = YES;
				CLANG_WARN_BOOL_CONVERSION = YES;
				CLANG_WARN_COMMA = YES;
				CLANG_WARN_CONSTANT_CONVERSION = YES;
				CLANG_WARN_DEPRECATED_OBJC_IMPLEMENTATIONS = YES;
				CLANG_WARN_DIRECT_OBJC_ISA_USAGE = YES_ERROR;
				CLANG_WARN_DOCUMENTATION_COMMENTS = YES;
				CLANG_WARN_EMPTY_BODY = YES;
				CLANG_WARN_ENUM_CONVERSION = YES;
				CLANG_WARN_INFINITE_RECURSION = YES;
				CLANG_WARN_INT_CONVERSION = YES;
				CLANG_WARN_NON_LITERAL_NULL_CONVERSION = YES;
				CLANG_WARN_OBJC_IMPLICIT_RETAIN_SELF = YES;
				CLANG_WARN_OBJC_LITERAL_CONVERSION = YES;
				CLANG_WARN_OBJC_ROOT_CLASS = YES_ERROR;
				CLANG_WARN_RANGE_LOOP_ANALYSIS = YES;
				CLANG_WARN_STRICT_PROTOTYPES = YES;
				CLANG_WARN_SUSPICIOUS_MOVE = YES;
				CLANG_WARN_UNGUARDED_AVAILABILITY = YES_AGGRESSIVE;
				CLANG_WARN_UNREACHABLE_CODE = YES;
				CLANG_WARN__DUPLICATE_METHOD_MATCH = YES;
				CODE_SIGN_IDENTITY = "iPhone Developer";
				COPY_PHASE_STRIP = NO;
				DEBUG_INFORMATION_FORMAT = dwarf;
				ENABLE_STRICT_OBJC_MSGSEND = YES;
				ENABLE_TESTABILITY = YES;
				GCC_C_LANGUAGE_STANDARD = gnu11;
				GCC_DYNAMIC_NO_PIC = NO;
				GCC_NO_COMMON_BLOCKS = YES;
				GCC_OPTIMIZATION_LEVEL = 0;
				GCC_PREPROCESSOR_DEFINITIONS = (
					"DEBUG=1",
					"$(inherited)",
				);
				GCC_WARN_64_TO_32_BIT_CONVERSION = YES;
				GCC_WARN_ABOUT_RETURN_TYPE = YES_ERROR;
				GCC_WARN_UNDECLARED_SELECTOR = YES;
				GCC_WARN_UNINITIALIZED_AUTOS = YES_AGGRESSIVE;
				GCC_WARN_UNUSED_FUNCTION = YES;
				GCC_WARN_UNUSED_VARIABLE = YES;
				IPHONEOS_DEPLOYMENT_TARGET = 12.4;
				MTL_ENABLE_DEBUG_INFO = INCLUDE_SOURCE;
				MTL_FAST_MATH = YES;
				ONLY_ACTIVE_ARCH = YES;
				SDKROOT = iphoneos;
			};
			name = Debug;
		};
		63067CE4234C6CFB005B88D1 /* Release */ = {
			isa = XCBuildConfiguration;
			buildSettings = {
				ALWAYS_SEARCH_USER_PATHS = NO;
				CLANG_ANALYZER_NONNULL = YES;
				CLANG_ANALYZER_NUMBER_OBJECT_CONVERSION = YES_AGGRESSIVE;
				CLANG_CXX_LANGUAGE_STANDARD = "gnu++14";
				CLANG_CXX_LIBRARY = "libc++";
				CLANG_ENABLE_MODULES = YES;
				CLANG_ENABLE_OBJC_ARC = YES;
				CLANG_ENABLE_OBJC_WEAK = YES;
				CLANG_WARN_BLOCK_CAPTURE_AUTORELEASING = YES;
				CLANG_WARN_BOOL_CONVERSION = YES;
				CLANG_WARN_COMMA = YES;
				CLANG_WARN_CONSTANT_CONVERSION = YES;
				CLANG_WARN_DEPRECATED_OBJC_IMPLEMENTATIONS = YES;
				CLANG_WARN_DIRECT_OBJC_ISA_USAGE = YES_ERROR;
				CLANG_WARN_DOCUMENTATION_COMMENTS = YES;
				CLANG_WARN_EMPTY_BODY = YES;
				CLANG_WARN_ENUM_CONVERSION = YES;
				CLANG_WARN_INFINITE_RECURSION = YES;
				CLANG_WARN_INT_CONVERSION = YES;
				CLANG_WARN_NON_LITERAL_NULL_CONVERSION = YES;
				CLANG_WARN_OBJC_IMPLICIT_RETAIN_SELF = YES;
				CLANG_WARN_OBJC_LITERAL_CONVERSION = YES;
				CLANG_WARN_OBJC_ROOT_CLASS = YES_ERROR;
				CLANG_WARN_RANGE_LOOP_ANALYSIS = YES;
				CLANG_WARN_STRICT_PROTOTYPES = YES;
				CLANG_WARN_SUSPICIOUS_MOVE = YES;
				CLANG_WARN_UNGUARDED_AVAILABILITY = YES_AGGRESSIVE;
				CLANG_WARN_UNREACHABLE_CODE = YES;
				CLANG_WARN__DUPLICATE_METHOD_MATCH = YES;
				CODE_SIGN_IDENTITY = "iPhone Developer";
				COPY_PHASE_STRIP = NO;
				DEBUG_INFORMATION_FORMAT = "dwarf-with-dsym";
				ENABLE_NS_ASSERTIONS = NO;
				ENABLE_STRICT_OBJC_MSGSEND = YES;
				GCC_C_LANGUAGE_STANDARD = gnu11;
				GCC_NO_COMMON_BLOCKS = YES;
				GCC_WARN_64_TO_32_BIT_CONVERSION = YES;
				GCC_WARN_ABOUT_RETURN_TYPE = YES_ERROR;
				GCC_WARN_UNDECLARED_SELECTOR = YES;
				GCC_WARN_UNINITIALIZED_AUTOS = YES_AGGRESSIVE;
				GCC_WARN_UNUSED_FUNCTION = YES;
				GCC_WARN_UNUSED_VARIABLE = YES;
				IPHONEOS_DEPLOYMENT_TARGET = 12.4;
				MTL_ENABLE_DEBUG_INFO = NO;
				MTL_FAST_MATH = YES;
				SDKROOT = iphoneos;
				VALIDATE_PRODUCT = YES;
			};
			name = Release;
		};
		63067CE6234C6CFB005B88D1 /* Debug */ = {
			isa = XCBuildConfiguration;
			baseConfigurationReference = 39B49720CF81A1DF44A8BA3B /* Pods-ZZKitDemo.debug.xcconfig */;
			buildSettings = {
				ASSETCATALOG_COMPILER_APPICON_NAME = AppIcon;
				CODE_SIGN_STYLE = Automatic;
				DEVELOPMENT_TEAM = MT35RR2SHM;
				INFOPLIST_FILE = ZZKitDemo/Info.plist;
				IPHONEOS_DEPLOYMENT_TARGET = 9.0;
				LD_RUNPATH_SEARCH_PATHS = (
					"$(inherited)",
					"@executable_path/Frameworks",
				);
				PRODUCT_BUNDLE_IDENTIFIER = com.sjyr.ZZKitDemo;
				PRODUCT_NAME = "$(TARGET_NAME)";
				TARGETED_DEVICE_FAMILY = "1,2";
			};
			name = Debug;
		};
		63067CE7234C6CFB005B88D1 /* Release */ = {
			isa = XCBuildConfiguration;
			baseConfigurationReference = 9E2A696BB10263138990E80F /* Pods-ZZKitDemo.release.xcconfig */;
			buildSettings = {
				ASSETCATALOG_COMPILER_APPICON_NAME = AppIcon;
				CODE_SIGN_STYLE = Automatic;
				DEVELOPMENT_TEAM = MT35RR2SHM;
				INFOPLIST_FILE = ZZKitDemo/Info.plist;
				IPHONEOS_DEPLOYMENT_TARGET = 9.0;
				LD_RUNPATH_SEARCH_PATHS = (
					"$(inherited)",
					"@executable_path/Frameworks",
				);
				PRODUCT_BUNDLE_IDENTIFIER = com.sjyr.ZZKitDemo;
				PRODUCT_NAME = "$(TARGET_NAME)";
				TARGETED_DEVICE_FAMILY = "1,2";
			};
			name = Release;
		};
		63067CE9234C6CFB005B88D1 /* Debug */ = {
			isa = XCBuildConfiguration;
			buildSettings = {
				BUNDLE_LOADER = "$(TEST_HOST)";
				CODE_SIGN_STYLE = Automatic;
				DEVELOPMENT_TEAM = MT35RR2SHM;
				INFOPLIST_FILE = ZZKitDemoTests/Info.plist;
				LD_RUNPATH_SEARCH_PATHS = (
					"$(inherited)",
					"@executable_path/Frameworks",
					"@loader_path/Frameworks",
				);
				PRODUCT_BUNDLE_IDENTIFIER = com.sjyr.ZZKitDemoTests;
				PRODUCT_NAME = "$(TARGET_NAME)";
				TARGETED_DEVICE_FAMILY = "1,2";
				TEST_HOST = "$(BUILT_PRODUCTS_DIR)/ZZKitDemo.app/ZZKitDemo";
			};
			name = Debug;
		};
		63067CEA234C6CFB005B88D1 /* Release */ = {
			isa = XCBuildConfiguration;
			buildSettings = {
				BUNDLE_LOADER = "$(TEST_HOST)";
				CODE_SIGN_STYLE = Automatic;
				DEVELOPMENT_TEAM = MT35RR2SHM;
				INFOPLIST_FILE = ZZKitDemoTests/Info.plist;
				LD_RUNPATH_SEARCH_PATHS = (
					"$(inherited)",
					"@executable_path/Frameworks",
					"@loader_path/Frameworks",
				);
				PRODUCT_BUNDLE_IDENTIFIER = com.sjyr.ZZKitDemoTests;
				PRODUCT_NAME = "$(TARGET_NAME)";
				TARGETED_DEVICE_FAMILY = "1,2";
				TEST_HOST = "$(BUILT_PRODUCTS_DIR)/ZZKitDemo.app/ZZKitDemo";
			};
			name = Release;
		};
		63067CEC234C6CFB005B88D1 /* Debug */ = {
			isa = XCBuildConfiguration;
			buildSettings = {
				CODE_SIGN_STYLE = Automatic;
				DEVELOPMENT_TEAM = MT35RR2SHM;
				INFOPLIST_FILE = ZZKitDemoUITests/Info.plist;
				LD_RUNPATH_SEARCH_PATHS = (
					"$(inherited)",
					"@executable_path/Frameworks",
					"@loader_path/Frameworks",
				);
				PRODUCT_BUNDLE_IDENTIFIER = com.sjyr.ZZKitDemoUITests;
				PRODUCT_NAME = "$(TARGET_NAME)";
				TARGETED_DEVICE_FAMILY = "1,2";
				TEST_TARGET_NAME = ZZKitDemo;
			};
			name = Debug;
		};
		63067CED234C6CFB005B88D1 /* Release */ = {
			isa = XCBuildConfiguration;
			buildSettings = {
				CODE_SIGN_STYLE = Automatic;
				DEVELOPMENT_TEAM = MT35RR2SHM;
				INFOPLIST_FILE = ZZKitDemoUITests/Info.plist;
				LD_RUNPATH_SEARCH_PATHS = (
					"$(inherited)",
					"@executable_path/Frameworks",
					"@loader_path/Frameworks",
				);
				PRODUCT_BUNDLE_IDENTIFIER = com.sjyr.ZZKitDemoUITests;
				PRODUCT_NAME = "$(TARGET_NAME)";
				TARGETED_DEVICE_FAMILY = "1,2";
				TEST_TARGET_NAME = ZZKitDemo;
			};
			name = Release;
		};
/* End XCBuildConfiguration section */

/* Begin XCConfigurationList section */
		63067CB4234C6CF8005B88D1 /* Build configuration list for PBXProject "ZZKitDemo" */ = {
			isa = XCConfigurationList;
			buildConfigurations = (
				63067CE3234C6CFB005B88D1 /* Debug */,
				63067CE4234C6CFB005B88D1 /* Release */,
			);
			defaultConfigurationIsVisible = 0;
			defaultConfigurationName = Release;
		};
		63067CE5234C6CFB005B88D1 /* Build configuration list for PBXNativeTarget "ZZKitDemo" */ = {
			isa = XCConfigurationList;
			buildConfigurations = (
				63067CE6234C6CFB005B88D1 /* Debug */,
				63067CE7234C6CFB005B88D1 /* Release */,
			);
			defaultConfigurationIsVisible = 0;
			defaultConfigurationName = Release;
		};
		63067CE8234C6CFB005B88D1 /* Build configuration list for PBXNativeTarget "ZZKitDemoTests" */ = {
			isa = XCConfigurationList;
			buildConfigurations = (
				63067CE9234C6CFB005B88D1 /* Debug */,
				63067CEA234C6CFB005B88D1 /* Release */,
			);
			defaultConfigurationIsVisible = 0;
			defaultConfigurationName = Release;
		};
		63067CEB234C6CFB005B88D1 /* Build configuration list for PBXNativeTarget "ZZKitDemoUITests" */ = {
			isa = XCConfigurationList;
			buildConfigurations = (
				63067CEC234C6CFB005B88D1 /* Debug */,
				63067CED234C6CFB005B88D1 /* Release */,
			);
			defaultConfigurationIsVisible = 0;
			defaultConfigurationName = Release;
		};
/* End XCConfigurationList section */
	};
	rootObject = 63067CB1234C6CF8005B88D1 /* Project object */;
}
